// !$*UTF8*$!
{
	archiveVersion = 1;
	classes = {
	};
	objectVersion = 77;
	objects = {

/* Begin PBXBuildFile section */
		14E4D7912E51AB7E003FA80B /* FirebaseAI in Frameworks */ = {isa = PBXBuildFile; productRef = 14E4D7902E51AB7E003FA80B /* FirebaseAI */; };
		14E4D7932E51AB7E003FA80B /* FirebaseAnalytics in Frameworks */ = {isa = PBXBuildFile; productRef = 14E4D7922E51AB7E003FA80B /* FirebaseAnalytics */; };
		14E4D7952E51AB7E003FA80B /* FirebaseAnalyticsCore in Frameworks */ = {isa = PBXBuildFile; productRef = 14E4D7942E51AB7E003FA80B /* FirebaseAnalyticsCore */; };
		14E4D7972E51AB7E003FA80B /* FirebaseAnalyticsIdentitySupport in Frameworks */ = {isa = PBXBuildFile; productRef = 14E4D7962E51AB7E003FA80B /* FirebaseAnalyticsIdentitySupport */; };
		14E4D7992E51AB7E003FA80B /* FirebaseAppCheck in Frameworks */ = {isa = PBXBuildFile; productRef = 14E4D7982E51AB7E003FA80B /* FirebaseAppCheck */; };
		14E4D79B2E51AB7E003FA80B /* FirebaseAppDistribution-Beta in Frameworks */ = {isa = PBXBuildFile; productRef = 14E4D79A2E51AB7E003FA80B /* FirebaseAppDistribution-Beta */; };
		14E4D79D2E51AB7E003FA80B /* FirebaseAuth in Frameworks */ = {isa = PBXBuildFile; productRef = 14E4D79C2E51AB7E003FA80B /* FirebaseAuth */; };
		14E4D79F2E51AB7E003FA80B /* FirebaseAuthCombine-Community in Frameworks */ = {isa = PBXBuildFile; productRef = 14E4D79E2E51AB7E003FA80B /* FirebaseAuthCombine-Community */; };
		14E4D7A12E51AB7E003FA80B /* FirebaseCore in Frameworks */ = {isa = PBXBuildFile; productRef = 14E4D7A02E51AB7E003FA80B /* FirebaseCore */; };
		14E4D7A32E51AB7E003FA80B /* FirebaseCrashlytics in Frameworks */ = {isa = PBXBuildFile; productRef = 14E4D7A22E51AB7E003FA80B /* FirebaseCrashlytics */; };
		14E4D7A52E51AB7E003FA80B /* FirebaseDatabase in Frameworks */ = {isa = PBXBuildFile; productRef = 14E4D7A42E51AB7E003FA80B /* FirebaseDatabase */; };
		14E4D7A72E51AB7E003FA80B /* FirebaseFirestore in Frameworks */ = {isa = PBXBuildFile; productRef = 14E4D7A62E51AB7E003FA80B /* FirebaseFirestore */; };
		14E4D7A92E51AB7E003FA80B /* FirebaseFirestoreCombine-Community in Frameworks */ = {isa = PBXBuildFile; productRef = 14E4D7A82E51AB7E003FA80B /* FirebaseFirestoreCombine-Community */; };
		14E4D7AB2E51AB7E003FA80B /* FirebaseFunctions in Frameworks */ = {isa = PBXBuildFile; productRef = 14E4D7AA2E51AB7E003FA80B /* FirebaseFunctions */; };
		14E4D7AD2E51AB7E003FA80B /* FirebaseFunctionsCombine-Community in Frameworks */ = {isa = PBXBuildFile; productRef = 14E4D7AC2E51AB7E003FA80B /* FirebaseFunctionsCombine-Community */; };
		14E4D7AF2E51AB7E003FA80B /* FirebaseInAppMessaging-Beta in Frameworks */ = {isa = PBXBuildFile; productRef = 14E4D7AE2E51AB7E003FA80B /* FirebaseInAppMessaging-Beta */; };
		14E4D7B12E51AB7E003FA80B /* FirebaseInstallations in Frameworks */ = {isa = PBXBuildFile; productRef = 14E4D7B02E51AB7E003FA80B /* FirebaseInstallations */; };
		14E4D7B32E51AB7E003FA80B /* FirebaseMLModelDownloader in Frameworks */ = {isa = PBXBuildFile; productRef = 14E4D7B22E51AB7E003FA80B /* FirebaseMLModelDownloader */; };
		14E4D7B52E51AB7E003FA80B /* FirebaseMessaging in Frameworks */ = {isa = PBXBuildFile; productRef = 14E4D7B42E51AB7E003FA80B /* FirebaseMessaging */; };
		14E4D7B72E51AB7E003FA80B /* FirebasePerformance in Frameworks */ = {isa = PBXBuildFile; productRef = 14E4D7B62E51AB7E003FA80B /* FirebasePerformance */; };
		14E4D7B92E51AB7E003FA80B /* FirebaseRemoteConfig in Frameworks */ = {isa = PBXBuildFile; productRef = 14E4D7B82E51AB7E003FA80B /* FirebaseRemoteConfig */; };
		14E4D7BB2E51AB7E003FA80B /* FirebaseStorage in Frameworks */ = {isa = PBXBuildFile; productRef = 14E4D7BA2E51AB7E003FA80B /* FirebaseStorage */; };
		14E4D7BD2E51AB7E003FA80B /* FirebaseStorageCombine-Community in Frameworks */ = {isa = PBXBuildFile; productRef = 14E4D7BC2E51AB7E003FA80B /* FirebaseStorageCombine-Community */; };
/* End PBXBuildFile section */

/* Begin PBXContainerItemProxy section */
		14E4D7712E51AA3A003FA80B /* PBXContainerItemProxy */ = {
			isa = PBXContainerItemProxy;
			containerPortal = 14E4D75B2E51AA37003FA80B /* Project object */;
			proxyType = 1;
			remoteGlobalIDString = 14E4D7622E51AA38003FA80B;
			remoteInfo = "Power Up Fitness";
		};
		14E4D77B2E51AA3A003FA80B /* PBXContainerItemProxy */ = {
			isa = PBXContainerItemProxy;
			containerPortal = 14E4D75B2E51AA37003FA80B /* Project object */;
			proxyType = 1;
			remoteGlobalIDString = 14E4D7622E51AA38003FA80B;
			remoteInfo = "Power Up Fitness";
		};
/* End PBXContainerItemProxy section */

/* Begin PBXFileReference section */
		14E4D7632E51AA38003FA80B /* Power Up Fitness.app */ = {isa = PBXFileReference; explicitFileType = wrapper.application; includeInIndex = 0; path = "Power Up Fitness.app"; sourceTree = BUILT_PRODUCTS_DIR; };
		14E4D7702E51AA3A003FA80B /* Power Up FitnessTests.xctest */ = {isa = PBXFileReference; explicitFileType = wrapper.cfbundle; includeInIndex = 0; path = "Power Up FitnessTests.xctest"; sourceTree = BUILT_PRODUCTS_DIR; };
		14E4D77A2E51AA3A003FA80B /* Power Up FitnessUITests.xctest */ = {isa = PBXFileReference; explicitFileType = wrapper.cfbundle; includeInIndex = 0; path = "Power Up FitnessUITests.xctest"; sourceTree = BUILT_PRODUCTS_DIR; };
/* End PBXFileReference section */

/* Begin PBXFileSystemSynchronizedRootGroup section */
		14E4D7652E51AA38003FA80B /* Power Up Fitness */ = {
			isa = PBXFileSystemSynchronizedRootGroup;
			path = "Power Up Fitness";
			sourceTree = "<group>";
		};
		14E4D7732E51AA3A003FA80B /* Power Up FitnessTests */ = {
			isa = PBXFileSystemSynchronizedRootGroup;
			path = "Power Up FitnessTests";
			sourceTree = "<group>";
		};
		14E4D77D2E51AA3A003FA80B /* Power Up FitnessUITests */ = {
			isa = PBXFileSystemSynchronizedRootGroup;
			path = "Power Up FitnessUITests";
			sourceTree = "<group>";
		};
/* End PBXFileSystemSynchronizedRootGroup section */

/* Begin PBXFrameworksBuildPhase section */
		14E4D7602E51AA38003FA80B /* Frameworks */ = {
			isa = PBXFrameworksBuildPhase;
			buildActionMask = 2147483647;
			files = (
				14E4D7A92E51AB7E003FA80B /* FirebaseFirestoreCombine-Community in Frameworks */,
				14E4D7AB2E51AB7E003FA80B /* FirebaseFunctions in Frameworks */,
				14E4D7B72E51AB7E003FA80B /* FirebasePerformance in Frameworks */,
				14E4D7BD2E51AB7E003FA80B /* FirebaseStorageCombine-Community in Frameworks */,
				14E4D7B92E51AB7E003FA80B /* FirebaseRemoteConfig in Frameworks */,
				14E4D7972E51AB7E003FA80B /* FirebaseAnalyticsIdentitySupport in Frameworks */,
				14E4D7932E51AB7E003FA80B /* FirebaseAnalytics in Frameworks */,
				14E4D7952E51AB7E003FA80B /* FirebaseAnalyticsCore in Frameworks */,
				14E4D7992E51AB7E003FA80B /* FirebaseAppCheck in Frameworks */,
				14E4D7912E51AB7E003FA80B /* FirebaseAI in Frameworks */,
				14E4D7A72E51AB7E003FA80B /* FirebaseFirestore in Frameworks */,
				14E4D7B52E51AB7E003FA80B /* FirebaseMessaging in Frameworks */,
				14E4D7B12E51AB7E003FA80B /* FirebaseInstallations in Frameworks */,
				14E4D7AD2E51AB7E003FA80B /* FirebaseFunctionsCombine-Community in Frameworks */,
				14E4D79D2E51AB7E003FA80B /* FirebaseAuth in Frameworks */,
				14E4D79B2E51AB7E003FA80B /* FirebaseAppDistribution-Beta in Frameworks */,
				14E4D7AF2E51AB7E003FA80B /* FirebaseInAppMessaging-Beta in Frameworks */,
				14E4D7A32E51AB7E003FA80B /* FirebaseCrashlytics in Frameworks */,
				14E4D7A52E51AB7E003FA80B /* FirebaseDatabase in Frameworks */,
				14E4D7B32E51AB7E003FA80B /* FirebaseMLModelDownloader in Frameworks */,
				14E4D7BB2E51AB7E003FA80B /* FirebaseStorage in Frameworks */,
				14E4D7A12E51AB7E003FA80B /* FirebaseCore in Frameworks */,
				14E4D79F2E51AB7E003FA80B /* FirebaseAuthCombine-Community in Frameworks */,
			);
			runOnlyForDeploymentPostprocessing = 0;
		};
		14E4D76D2E51AA3A003FA80B /* Frameworks */ = {
			isa = PBXFrameworksBuildPhase;
			buildActionMask = 2147483647;
			files = (
			);
			runOnlyForDeploymentPostprocessing = 0;
		};
		14E4D7772E51AA3A003FA80B /* Frameworks */ = {
			isa = PBXFrameworksBuildPhase;
			buildActionMask = 2147483647;
			files = (
			);
			runOnlyForDeploymentPostprocessing = 0;
		};
/* End PBXFrameworksBuildPhase section */

/* Begin PBXGroup section */
		14E4D75A2E51AA37003FA80B = {
			isa = PBXGroup;
			children = (
				14E4D7652E51AA38003FA80B /* Power Up Fitness */,
				14E4D7732E51AA3A003FA80B /* Power Up FitnessTests */,
				14E4D77D2E51AA3A003FA80B /* Power Up FitnessUITests */,
				14E4D7642E51AA38003FA80B /* Products */,
			);
			sourceTree = "<group>";
		};
		14E4D7642E51AA38003FA80B /* Products */ = {
			isa = PBXGroup;
			children = (
				14E4D7632E51AA38003FA80B /* Power Up Fitness.app */,
				14E4D7702E51AA3A003FA80B /* Power Up FitnessTests.xctest */,
				14E4D77A2E51AA3A003FA80B /* Power Up FitnessUITests.xctest */,
			);
			name = Products;
			sourceTree = "<group>";
		};
/* End PBXGroup section */

/* Begin PBXNativeTarget section */
		14E4D7622E51AA38003FA80B /* Power Up Fitness */ = {
			isa = PBXNativeTarget;
			buildConfigurationList = 14E4D7842E51AA3A003FA80B /* Build configuration list for PBXNativeTarget "Power Up Fitness" */;
			buildPhases = (
				14E4D75F2E51AA38003FA80B /* Sources */,
				14E4D7602E51AA38003FA80B /* Frameworks */,
				14E4D7612E51AA38003FA80B /* Resources */,
			);
			buildRules = (
			);
			dependencies = (
			);
			fileSystemSynchronizedGroups = (
				14E4D7652E51AA38003FA80B /* Power Up Fitness */,
			);
			name = "Power Up Fitness";
			packageProductDependencies = (
				14E4D7902E51AB7E003FA80B /* FirebaseAI */,
				14E4D7922E51AB7E003FA80B /* FirebaseAnalytics */,
				14E4D7942E51AB7E003FA80B /* FirebaseAnalyticsCore */,
				14E4D7962E51AB7E003FA80B /* FirebaseAnalyticsIdentitySupport */,
				14E4D7982E51AB7E003FA80B /* FirebaseAppCheck */,
				14E4D79A2E51AB7E003FA80B /* FirebaseAppDistribution-Beta */,
				14E4D79C2E51AB7E003FA80B /* FirebaseAuth */,
				14E4D79E2E51AB7E003FA80B /* FirebaseAuthCombine-Community */,
				14E4D7A02E51AB7E003FA80B /* FirebaseCore */,
				14E4D7A22E51AB7E003FA80B /* FirebaseCrashlytics */,
				14E4D7A42E51AB7E003FA80B /* FirebaseDatabase */,
				14E4D7A62E51AB7E003FA80B /* FirebaseFirestore */,
				14E4D7A82E51AB7E003FA80B /* FirebaseFirestoreCombine-Community */,
				14E4D7AA2E51AB7E003FA80B /* FirebaseFunctions */,
				14E4D7AC2E51AB7E003FA80B /* FirebaseFunctionsCombine-Community */,
				14E4D7AE2E51AB7E003FA80B /* FirebaseInAppMessaging-Beta */,
				14E4D7B02E51AB7E003FA80B /* FirebaseInstallations */,
				14E4D7B22E51AB7E003FA80B /* FirebaseMLModelDownloader */,
				14E4D7B42E51AB7E003FA80B /* FirebaseMessaging */,
				14E4D7B62E51AB7E003FA80B /* FirebasePerformance */,
				14E4D7B82E51AB7E003FA80B /* FirebaseRemoteConfig */,
				14E4D7BA2E51AB7E003FA80B /* FirebaseStorage */,
				14E4D7BC2E51AB7E003FA80B /* FirebaseStorageCombine-Community */,
			);
			productName = "Power Up Fitness";
			productReference = 14E4D7632E51AA38003FA80B /* Power Up Fitness.app */;
			productType = "com.apple.product-type.application";
		};
		14E4D76F2E51AA3A003FA80B /* Power Up FitnessTests */ = {
			isa = PBXNativeTarget;
			buildConfigurationList = 14E4D7872E51AA3A003FA80B /* Build configuration list for PBXNativeTarget "Power Up FitnessTests" */;
			buildPhases = (
				14E4D76C2E51AA3A003FA80B /* Sources */,
				14E4D76D2E51AA3A003FA80B /* Frameworks */,
				14E4D76E2E51AA3A003FA80B /* Resources */,
			);
			buildRules = (
			);
			dependencies = (
				14E4D7722E51AA3A003FA80B /* PBXTargetDependency */,
			);
			fileSystemSynchronizedGroups = (
				14E4D7732E51AA3A003FA80B /* Power Up FitnessTests */,
			);
			name = "Power Up FitnessTests";
			packageProductDependencies = (
			);
			productName = "Power Up FitnessTests";
			productReference = 14E4D7702E51AA3A003FA80B /* Power Up FitnessTests.xctest */;
			productType = "com.apple.product-type.bundle.unit-test";
		};
		14E4D7792E51AA3A003FA80B /* Power Up FitnessUITests */ = {
			isa = PBXNativeTarget;
			buildConfigurationList = 14E4D78A2E51AA3A003FA80B /* Build configuration list for PBXNativeTarget "Power Up FitnessUITests" */;
			buildPhases = (
				14E4D7762E51AA3A003FA80B /* Sources */,
				14E4D7772E51AA3A003FA80B /* Frameworks */,
				14E4D7782E51AA3A003FA80B /* Resources */,
			);
			buildRules = (
			);
			dependencies = (
				14E4D77C2E51AA3A003FA80B /* PBXTargetDependency */,
			);
			fileSystemSynchronizedGroups = (
				14E4D77D2E51AA3A003FA80B /* Power Up FitnessUITests */,
			);
			name = "Power Up FitnessUITests";
			packageProductDependencies = (
			);
			productName = "Power Up FitnessUITests";
			productReference = 14E4D77A2E51AA3A003FA80B /* Power Up FitnessUITests.xctest */;
			productType = "com.apple.product-type.bundle.ui-testing";
		};
/* End PBXNativeTarget section */

/* Begin PBXProject section */
		14E4D75B2E51AA37003FA80B /* Project object */ = {
			isa = PBXProject;
			attributes = {
				BuildIndependentTargetsInParallel = 1;
				LastSwiftUpdateCheck = 1640;
				LastUpgradeCheck = 1640;
				TargetAttributes = {
					14E4D7622E51AA38003FA80B = {
						CreatedOnToolsVersion = 16.4;
					};
					14E4D76F2E51AA3A003FA80B = {
						CreatedOnToolsVersion = 16.4;
						TestTargetID = 14E4D7622E51AA38003FA80B;
					};
					14E4D7792E51AA3A003FA80B = {
						CreatedOnToolsVersion = 16.4;
						TestTargetID = 14E4D7622E51AA38003FA80B;
					};
				};
			};
			buildConfigurationList = 14E4D75E2E51AA37003FA80B /* Build configuration list for PBXProject "Power Up Fitness" */;
			developmentRegion = en;
			hasScannedForEncodings = 0;
			knownRegions = (
				en,
				Base,
			);
			mainGroup = 14E4D75A2E51AA37003FA80B;
			minimizedProjectReferenceProxies = 1;
			packageReferences = (
				14E4D78F2E51AB7E003FA80B /* XCRemoteSwiftPackageReference "firebase-ios-sdk" */,
			);
			preferredProjectObjectVersion = 77;
			productRefGroup = 14E4D7642E51AA38003FA80B /* Products */;
			projectDirPath = "";
			projectRoot = "";
			targets = (
				14E4D7622E51AA38003FA80B /* Power Up Fitness */,
				14E4D76F2E51AA3A003FA80B /* Power Up FitnessTests */,
				14E4D7792E51AA3A003FA80B /* Power Up FitnessUITests */,
			);
		};
/* End PBXProject section */

/* Begin PBXResourcesBuildPhase section */
		14E4D7612E51AA38003FA80B /* Resources */ = {
			isa = PBXResourcesBuildPhase;
			buildActionMask = 2147483647;
			files = (
			);
			runOnlyForDeploymentPostprocessing = 0;
		};
		14E4D76E2E51AA3A003FA80B /* Resources */ = {
			isa = PBXResourcesBuildPhase;
			buildActionMask = 2147483647;
			files = (
			);
			runOnlyForDeploymentPostprocessing = 0;
		};
		14E4D7782E51AA3A003FA80B /* Resources */ = {
			isa = PBXResourcesBuildPhase;
			buildActionMask = 2147483647;
			files = (
			);
			runOnlyForDeploymentPostprocessing = 0;
		};
/* End PBXResourcesBuildPhase section */

/* Begin PBXSourcesBuildPhase section */
		14E4D75F2E51AA38003FA80B /* Sources */ = {
			isa = PBXSourcesBuildPhase;
			buildActionMask = 2147483647;
			files = (
			);
			runOnlyForDeploymentPostprocessing = 0;
		};
		14E4D76C2E51AA3A003FA80B /* Sources */ = {
			isa = PBXSourcesBuildPhase;
			buildActionMask = 2147483647;
			files = (
			);
			runOnlyForDeploymentPostprocessing = 0;
		};
		14E4D7762E51AA3A003FA80B /* Sources */ = {
			isa = PBXSourcesBuildPhase;
			buildActionMask = 2147483647;
			files = (
			);
			runOnlyForDeploymentPostprocessing = 0;
		};
/* End PBXSourcesBuildPhase section */

/* Begin PBXTargetDependency section */
		14E4D7722E51AA3A003FA80B /* PBXTargetDependency */ = {
			isa = PBXTargetDependency;
			target = 14E4D7622E51AA38003FA80B /* Power Up Fitness */;
			targetProxy = 14E4D7712E51AA3A003FA80B /* PBXContainerItemProxy */;
		};
		14E4D77C2E51AA3A003FA80B /* PBXTargetDependency */ = {
			isa = PBXTargetDependency;
			target = 14E4D7622E51AA38003FA80B /* Power Up Fitness */;
			targetProxy = 14E4D77B2E51AA3A003FA80B /* PBXContainerItemProxy */;
		};
/* End PBXTargetDependency section */

/* Begin XCBuildConfiguration section */
		14E4D7822E51AA3A003FA80B /* Debug */ = {
			isa = XCBuildConfiguration;
			buildSettings = {
				ALWAYS_SEARCH_USER_PATHS = NO;
				ASSETCATALOG_COMPILER_GENERATE_SWIFT_ASSET_SYMBOL_EXTENSIONS = YES;
				CLANG_ANALYZER_NONNULL = YES;
				CLANG_ANALYZER_NUMBER_OBJECT_CONVERSION = YES_AGGRESSIVE;
				CLANG_CXX_LANGUAGE_STANDARD = "gnu++20";
				CLANG_ENABLE_MODULES = YES;
				CLANG_ENABLE_OBJC_ARC = YES;
				CLANG_ENABLE_OBJC_WEAK = YES;
				CLANG_WARN_BLOCK_CAPTURE_AUTORELEASING = YES;
				CLANG_WARN_BOOL_CONVERSION = YES;
				CLANG_WARN_COMMA = YES;
				CLANG_WARN_CONSTANT_CONVERSION = YES;
				CLANG_WARN_DEPRECATED_OBJC_IMPLEMENTATIONS = YES;
				CLANG_WARN_DIRECT_OBJC_ISA_USAGE = YES_ERROR;
				CLANG_WARN_DOCUMENTATION_COMMENTS = YES;
				CLANG_WARN_EMPTY_BODY = YES;
				CLANG_WARN_ENUM_CONVERSION = YES;
				CLANG_WARN_INFINITE_RECURSION = YES;
				CLANG_WARN_INT_CONVERSION = YES;
				CLANG_WARN_NON_LITERAL_NULL_CONVERSION = YES;
				CLANG_WARN_OBJC_IMPLICIT_RETAIN_SELF = YES;
				CLANG_WARN_OBJC_LITERAL_CONVERSION = YES;
				CLANG_WARN_OBJC_ROOT_CLASS = YES_ERROR;
				CLANG_WARN_QUOTED_INCLUDE_IN_FRAMEWORK_HEADER = YES;
				CLANG_WARN_RANGE_LOOP_ANALYSIS = YES;
				CLANG_WARN_STRICT_PROTOTYPES = YES;
				CLANG_WARN_SUSPICIOUS_MOVE = YES;
				CLANG_WARN_UNGUARDED_AVAILABILITY = YES_AGGRESSIVE;
				CLANG_WARN_UNREACHABLE_CODE = YES;
				CLANG_WARN__DUPLICATE_METHOD_MATCH = YES;
				COPY_PHASE_STRIP = NO;
				DEBUG_INFORMATION_FORMAT = dwarf;
				DEVELOPMENT_TEAM = DCKD7FPLN6;
				ENABLE_STRICT_OBJC_MSGSEND = YES;
				ENABLE_TESTABILITY = YES;
				ENABLE_USER_SCRIPT_SANDBOXING = YES;
				GCC_C_LANGUAGE_STANDARD = gnu17;
				GCC_DYNAMIC_NO_PIC = NO;
				GCC_NO_COMMON_BLOCKS = YES;
				GCC_OPTIMIZATION_LEVEL = 0;
				GCC_PREPROCESSOR_DEFINITIONS = (
					"DEBUG=1",
					"$(inherited)",
				);
				GCC_WARN_64_TO_32_BIT_CONVERSION = YES;
				GCC_WARN_ABOUT_RETURN_TYPE = YES_ERROR;
				GCC_WARN_UNDECLARED_SELECTOR = YES;
				GCC_WARN_UNINITIALIZED_AUTOS = YES_AGGRESSIVE;
				GCC_WARN_UNUSED_FUNCTION = YES;
				GCC_WARN_UNUSED_VARIABLE = YES;
				IPHONEOS_DEPLOYMENT_TARGET = 18.5;
				LOCALIZATION_PREFERS_STRING_CATALOGS = YES;
				MTL_ENABLE_DEBUG_INFO = INCLUDE_SOURCE;
				MTL_FAST_MATH = YES;
				ONLY_ACTIVE_ARCH = YES;
				SDKROOT = iphoneos;
				SWIFT_ACTIVE_COMPILATION_CONDITIONS = "DEBUG $(inherited)";
				SWIFT_OPTIMIZATION_LEVEL = "-Onone";
			};
			name = Debug;
		};
		14E4D7832E51AA3A003FA80B /* Release */ = {
			isa = XCBuildConfiguration;
			buildSettings = {
				ALWAYS_SEARCH_USER_PATHS = NO;
				ASSETCATALOG_COMPILER_GENERATE_SWIFT_ASSET_SYMBOL_EXTENSIONS = YES;
				CLANG_ANALYZER_NONNULL = YES;
				CLANG_ANALYZER_NUMBER_OBJECT_CONVERSION = YES_AGGRESSIVE;
				CLANG_CXX_LANGUAGE_STANDARD = "gnu++20";
				CLANG_ENABLE_MODULES = YES;
				CLANG_ENABLE_OBJC_ARC = YES;
				CLANG_ENABLE_OBJC_WEAK = YES;
				CLANG_WARN_BLOCK_CAPTURE_AUTORELEASING = YES;
				CLANG_WARN_BOOL_CONVERSION = YES;
				CLANG_WARN_COMMA = YES;
				CLANG_WARN_CONSTANT_CONVERSION = YES;
				CLANG_WARN_DEPRECATED_OBJC_IMPLEMENTATIONS = YES;
				CLANG_WARN_DIRECT_OBJC_ISA_USAGE = YES_ERROR;
				CLANG_WARN_DOCUMENTATION_COMMENTS = YES;
				CLANG_WARN_EMPTY_BODY = YES;
				CLANG_WARN_ENUM_CONVERSION = YES;
				CLANG_WARN_INFINITE_RECURSION = YES;
				CLANG_WARN_INT_CONVERSION = YES;
				CLANG_WARN_NON_LITERAL_NULL_CONVERSION = YES;
				CLANG_WARN_OBJC_IMPLICIT_RETAIN_SELF = YES;
				CLANG_WARN_OBJC_LITERAL_CONVERSION = YES;
				CLANG_WARN_OBJC_ROOT_CLASS = YES_ERROR;
				CLANG_WARN_QUOTED_INCLUDE_IN_FRAMEWORK_HEADER = YES;
				CLANG_WARN_RANGE_LOOP_ANALYSIS = YES;
				CLANG_WARN_STRICT_PROTOTYPES = YES;
				CLANG_WARN_SUSPICIOUS_MOVE = YES;
				CLANG_WARN_UNGUARDED_AVAILABILITY = YES_AGGRESSIVE;
				CLANG_WARN_UNREACHABLE_CODE = YES;
				CLANG_WARN__DUPLICATE_METHOD_MATCH = YES;
				COPY_PHASE_STRIP = NO;
				DEBUG_INFORMATION_FORMAT = "dwarf-with-dsym";
				DEVELOPMENT_TEAM = DCKD7FPLN6;
				ENABLE_NS_ASSERTIONS = NO;
				ENABLE_STRICT_OBJC_MSGSEND = YES;
				ENABLE_USER_SCRIPT_SANDBOXING = YES;
				GCC_C_LANGUAGE_STANDARD = gnu17;
				GCC_NO_COMMON_BLOCKS = YES;
				GCC_WARN_64_TO_32_BIT_CONVERSION = YES;
				GCC_WARN_ABOUT_RETURN_TYPE = YES_ERROR;
				GCC_WARN_UNDECLARED_SELECTOR = YES;
				GCC_WARN_UNINITIALIZED_AUTOS = YES_AGGRESSIVE;
				GCC_WARN_UNUSED_FUNCTION = YES;
				GCC_WARN_UNUSED_VARIABLE = YES;
				IPHONEOS_DEPLOYMENT_TARGET = 18.5;
				LOCALIZATION_PREFERS_STRING_CATALOGS = YES;
				MTL_ENABLE_DEBUG_INFO = NO;
				MTL_FAST_MATH = YES;
				SDKROOT = iphoneos;
				SWIFT_COMPILATION_MODE = wholemodule;
				VALIDATE_PRODUCT = YES;
			};
			name = Release;
		};
		14E4D7852E51AA3A003FA80B /* Debug */ = {
			isa = XCBuildConfiguration;
			buildSettings = {
				ASSETCATALOG_COMPILER_APPICON_NAME = AppIcon;
				ASSETCATALOG_COMPILER_GLOBAL_ACCENT_COLOR_NAME = AccentColor;
				CODE_SIGN_STYLE = Automatic;
				CURRENT_PROJECT_VERSION = 1;
				DEVELOPMENT_TEAM = DCKD7FPLN6;
				ENABLE_PREVIEWS = YES;
				GENERATE_INFOPLIST_FILE = YES;
				INFOPLIST_KEY_UIApplicationSceneManifest_Generation = YES;
				INFOPLIST_KEY_UIApplicationSupportsIndirectInputEvents = YES;
				INFOPLIST_KEY_UILaunchScreen_Generation = YES;
				INFOPLIST_KEY_UISupportedInterfaceOrientations_iPad = "UIInterfaceOrientationPortrait UIInterfaceOrientationPortraitUpsideDown UIInterfaceOrientationLandscapeLeft UIInterfaceOrientationLandscapeRight";
				INFOPLIST_KEY_UISupportedInterfaceOrientations_iPhone = "UIInterfaceOrientationPortrait UIInterfaceOrientationLandscapeLeft UIInterfaceOrientationLandscapeRight";
				LD_RUNPATH_SEARCH_PATHS = (
					"$(inherited)",
					"@executable_path/Frameworks",
				);
				MARKETING_VERSION = 1.0;
				PRODUCT_BUNDLE_IDENTIFIER = "lucashunter.Power-Up-Fitness";
				PRODUCT_NAME = "$(TARGET_NAME)";
				SWIFT_EMIT_LOC_STRINGS = YES;
				SWIFT_VERSION = 5.0;
				TARGETED_DEVICE_FAMILY = "1,2";
			};
			name = Debug;
		};
		14E4D7862E51AA3A003FA80B /* Release */ = {
			isa = XCBuildConfiguration;
			buildSettings = {
				ASSETCATALOG_COMPILER_APPICON_NAME = AppIcon;
				ASSETCATALOG_COMPILER_GLOBAL_ACCENT_COLOR_NAME = AccentColor;
				CODE_SIGN_STYLE = Automatic;
				CURRENT_PROJECT_VERSION = 1;
				DEVELOPMENT_TEAM = DCKD7FPLN6;
				ENABLE_PREVIEWS = YES;
				GENERATE_INFOPLIST_FILE = YES;
				INFOPLIST_KEY_UIApplicationSceneManifest_Generation = YES;
				INFOPLIST_KEY_UIApplicationSupportsIndirectInputEvents = YES;
				INFOPLIST_KEY_UILaunchScreen_Generation = YES;
				INFOPLIST_KEY_UISupportedInterfaceOrientations_iPad = "UIInterfaceOrientationPortrait UIInterfaceOrientationPortraitUpsideDown UIInterfaceOrientationLandscapeLeft UIInterfaceOrientationLandscapeRight";
				INFOPLIST_KEY_UISupportedInterfaceOrientations_iPhone = "UIInterfaceOrientationPortrait UIInterfaceOrientationLandscapeLeft UIInterfaceOrientationLandscapeRight";
				LD_RUNPATH_SEARCH_PATHS = (
					"$(inherited)",
					"@executable_path/Frameworks",
				);
				MARKETING_VERSION = 1.0;
				PRODUCT_BUNDLE_IDENTIFIER = "lucashunter.Power-Up-Fitness";
				PRODUCT_NAME = "$(TARGET_NAME)";
				SWIFT_EMIT_LOC_STRINGS = YES;
				SWIFT_VERSION = 5.0;
				TARGETED_DEVICE_FAMILY = "1,2";
			};
			name = Release;
		};
		14E4D7882E51AA3A003FA80B /* Debug */ = {
			isa = XCBuildConfiguration;
			buildSettings = {
				BUNDLE_LOADER = "$(TEST_HOST)";
				CODE_SIGN_STYLE = Automatic;
				CURRENT_PROJECT_VERSION = 1;
				DEVELOPMENT_TEAM = DCKD7FPLN6;
				GENERATE_INFOPLIST_FILE = YES;
				IPHONEOS_DEPLOYMENT_TARGET = 18.5;
				MARKETING_VERSION = 1.0;
				PRODUCT_BUNDLE_IDENTIFIER = "lucashunter.Power-Up-FitnessTests";
				PRODUCT_NAME = "$(TARGET_NAME)";
				SWIFT_EMIT_LOC_STRINGS = NO;
				SWIFT_VERSION = 5.0;
				TARGETED_DEVICE_FAMILY = "1,2";
				TEST_HOST = "$(BUILT_PRODUCTS_DIR)/Power Up Fitness.app/$(BUNDLE_EXECUTABLE_FOLDER_PATH)/Power Up Fitness";
			};
			name = Debug;
		};
		14E4D7892E51AA3A003FA80B /* Release */ = {
			isa = XCBuildConfiguration;
			buildSettings = {
				BUNDLE_LOADER = "$(TEST_HOST)";
				CODE_SIGN_STYLE = Automatic;
				CURRENT_PROJECT_VERSION = 1;
				DEVELOPMENT_TEAM = DCKD7FPLN6;
				GENERATE_INFOPLIST_FILE = YES;
				IPHONEOS_DEPLOYMENT_TARGET = 18.5;
				MARKETING_VERSION = 1.0;
				PRODUCT_BUNDLE_IDENTIFIER = "lucashunter.Power-Up-FitnessTests";
				PRODUCT_NAME = "$(TARGET_NAME)";
				SWIFT_EMIT_LOC_STRINGS = NO;
				SWIFT_VERSION = 5.0;
				TARGETED_DEVICE_FAMILY = "1,2";
				TEST_HOST = "$(BUILT_PRODUCTS_DIR)/Power Up Fitness.app/$(BUNDLE_EXECUTABLE_FOLDER_PATH)/Power Up Fitness";
			};
			name = Release;
		};
		14E4D78B2E51AA3A003FA80B /* Debug */ = {
			isa = XCBuildConfiguration;
			buildSettings = {
				CODE_SIGN_STYLE = Automatic;
				CURRENT_PROJECT_VERSION = 1;
				DEVELOPMENT_TEAM = DCKD7FPLN6;
				GENERATE_INFOPLIST_FILE = YES;
				MARKETING_VERSION = 1.0;
				PRODUCT_BUNDLE_IDENTIFIER = "lucashunter.Power-Up-FitnessUITests";
				PRODUCT_NAME = "$(TARGET_NAME)";
				SWIFT_EMIT_LOC_STRINGS = NO;
				SWIFT_VERSION = 5.0;
				TARGETED_DEVICE_FAMILY = "1,2";
				TEST_TARGET_NAME = "Power Up Fitness";
			};
			name = Debug;
		};
		14E4D78C2E51AA3A003FA80B /* Release */ = {
			isa = XCBuildConfiguration;
			buildSettings = {
				CODE_SIGN_STYLE = Automatic;
				CURRENT_PROJECT_VERSION = 1;
				DEVELOPMENT_TEAM = DCKD7FPLN6;
				GENERATE_INFOPLIST_FILE = YES;
				MARKETING_VERSION = 1.0;
				PRODUCT_BUNDLE_IDENTIFIER = "lucashunter.Power-Up-FitnessUITests";
				PRODUCT_NAME = "$(TARGET_NAME)";
				SWIFT_EMIT_LOC_STRINGS = NO;
				SWIFT_VERSION = 5.0;
				TARGETED_DEVICE_FAMILY = "1,2";
				TEST_TARGET_NAME = "Power Up Fitness";
			};
			name = Release;
		};
/* End XCBuildConfiguration section */

/* Begin XCConfigurationList section */
		14E4D75E2E51AA37003FA80B /* Build configuration list for PBXProject "Power Up Fitness" */ = {
			isa = XCConfigurationList;
			buildConfigurations = (
				14E4D7822E51AA3A003FA80B /* Debug */,
				14E4D7832E51AA3A003FA80B /* Release */,
			);
			defaultConfigurationIsVisible = 0;
			defaultConfigurationName = Release;
		};
		14E4D7842E51AA3A003FA80B /* Build configuration list for PBXNativeTarget "Power Up Fitness" */ = {
			isa = XCConfigurationList;
			buildConfigurations = (
				14E4D7852E51AA3A003FA80B /* Debug */,
				14E4D7862E51AA3A003FA80B /* Release */,
			);
			defaultConfigurationIsVisible = 0;
			defaultConfigurationName = Release;
		};
		14E4D7872E51AA3A003FA80B /* Build configuration list for PBXNativeTarget "Power Up FitnessTests" */ = {
			isa = XCConfigurationList;
			buildConfigurations = (
				14E4D7882E51AA3A003FA80B /* Debug */,
				14E4D7892E51AA3A003FA80B /* Release */,
			);
			defaultConfigurationIsVisible = 0;
			defaultConfigurationName = Release;
		};
		14E4D78A2E51AA3A003FA80B /* Build configuration list for PBXNativeTarget "Power Up FitnessUITests" */ = {
			isa = XCConfigurationList;
			buildConfigurations = (
				14E4D78B2E51AA3A003FA80B /* Debug */,
				14E4D78C2E51AA3A003FA80B /* Release */,
			);
			defaultConfigurationIsVisible = 0;
			defaultConfigurationName = Release;
		};
/* End XCConfigurationList section */

/* Begin XCRemoteSwiftPackageReference section */
		14E4D78F2E51AB7E003FA80B /* XCRemoteSwiftPackageReference "firebase-ios-sdk" */ = {
			isa = XCRemoteSwiftPackageReference;
			repositoryURL = "https://github.com/firebase/firebase-ios-sdk";
			requirement = {
				kind = upToNextMajorVersion;
				minimumVersion = 12.1.0;
			};
		};
/* End XCRemoteSwiftPackageReference section */

/* Begin XCSwiftPackageProductDependency section */
		14E4D7902E51AB7E003FA80B /* FirebaseAI */ = {
			isa = XCSwiftPackageProductDependency;
			package = 14E4D78F2E51AB7E003FA80B /* XCRemoteSwiftPackageReference "firebase-ios-sdk" */;
			productName = FirebaseAI;
		};
		14E4D7922E51AB7E003FA80B /* FirebaseAnalytics */ = {
			isa = XCSwiftPackageProductDependency;
			package = 14E4D78F2E51AB7E003FA80B /* XCRemoteSwiftPackageReference "firebase-ios-sdk" */;
			productName = FirebaseAnalytics;
		};
		14E4D7942E51AB7E003FA80B /* FirebaseAnalyticsCore */ = {
			isa = XCSwiftPackageProductDependency;
			package = 14E4D78F2E51AB7E003FA80B /* XCRemoteSwiftPackageReference "firebase-ios-sdk" */;
			productName = FirebaseAnalyticsCore;
		};
		14E4D7962E51AB7E003FA80B /* FirebaseAnalyticsIdentitySupport */ = {
			isa = XCSwiftPackageProductDependency;
			package = 14E4D78F2E51AB7E003FA80B /* XCRemoteSwiftPackageReference "firebase-ios-sdk" */;
			productName = FirebaseAnalyticsIdentitySupport;
		};
		14E4D7982E51AB7E003FA80B /* FirebaseAppCheck */ = {
			isa = XCSwiftPackageProductDependency;
			package = 14E4D78F2E51AB7E003FA80B /* XCRemoteSwiftPackageReference "firebase-ios-sdk" */;
			productName = FirebaseAppCheck;
		};
		14E4D79A2E51AB7E003FA80B /* FirebaseAppDistribution-Beta */ = {
			isa = XCSwiftPackageProductDependency;
			package = 14E4D78F2E51AB7E003FA80B /* XCRemoteSwiftPackageReference "firebase-ios-sdk" */;
			productName = "FirebaseAppDistribution-Beta";
		};
		14E4D79C2E51AB7E003FA80B /* FirebaseAuth */ = {
			isa = XCSwiftPackageProductDependency;
			package = 14E4D78F2E51AB7E003FA80B /* XCRemoteSwiftPackageReference "firebase-ios-sdk" */;
			productName = FirebaseAuth;
		};
		14E4D79E2E51AB7E003FA80B /* FirebaseAuthCombine-Community */ = {
			isa = XCSwiftPackageProductDependency;
			package = 14E4D78F2E51AB7E003FA80B /* XCRemoteSwiftPackageReference "firebase-ios-sdk" */;
			productName = "FirebaseAuthCombine-Community";
		};
		14E4D7A02E51AB7E003FA80B /* FirebaseCore */ = {
			isa = XCSwiftPackageProductDependency;
			package = 14E4D78F2E51AB7E003FA80B /* XCRemoteSwiftPackageReference "firebase-ios-sdk" */;
			productName = FirebaseCore;
		};
		14E4D7A22E51AB7E003FA80B /* FirebaseCrashlytics */ = {
			isa = XCSwiftPackageProductDependency;
			package = 14E4D78F2E51AB7E003FA80B /* XCRemoteSwiftPackageReference "firebase-ios-sdk" */;
			productName = FirebaseCrashlytics;
		};
		14E4D7A42E51AB7E003FA80B /* FirebaseDatabase */ = {
			isa = XCSwiftPackageProductDependency;
			package = 14E4D78F2E51AB7E003FA80B /* XCRemoteSwiftPackageReference "firebase-ios-sdk" */;
			productName = FirebaseDatabase;
		};
		14E4D7A62E51AB7E003FA80B /* FirebaseFirestore */ = {
			isa = XCSwiftPackageProductDependency;
			package = 14E4D78F2E51AB7E003FA80B /* XCRemoteSwiftPackageReference "firebase-ios-sdk" */;
			productName = FirebaseFirestore;
		};
		14E4D7A82E51AB7E003FA80B /* FirebaseFirestoreCombine-Community */ = {
			isa = XCSwiftPackageProductDependency;
			package = 14E4D78F2E51AB7E003FA80B /* XCRemoteSwiftPackageReference "firebase-ios-sdk" */;
			productName = "FirebaseFirestoreCombine-Community";
		};
		14E4D7AA2E51AB7E003FA80B /* FirebaseFunctions */ = {
			isa = XCSwiftPackageProductDependency;
			package = 14E4D78F2E51AB7E003FA80B /* XCRemoteSwiftPackageReference "firebase-ios-sdk" */;
			productName = FirebaseFunctions;
		};
		14E4D7AC2E51AB7E003FA80B /* FirebaseFunctionsCombine-Community */ = {
			isa = XCSwiftPackageProductDependency;
			package = 14E4D78F2E51AB7E003FA80B /* XCRemoteSwiftPackageReference "firebase-ios-sdk" */;
			productName = "FirebaseFunctionsCombine-Community";
		};
		14E4D7AE2E51AB7E003FA80B /* FirebaseInAppMessaging-Beta */ = {
			isa = XCSwiftPackageProductDependency;
			package = 14E4D78F2E51AB7E003FA80B /* XCRemoteSwiftPackageReference "firebase-ios-sdk" */;
			productName = "FirebaseInAppMessaging-Beta";
		};
		14E4D7B02E51AB7E003FA80B /* FirebaseInstallations */ = {
			isa = XCSwiftPackageProductDependency;
			package = 14E4D78F2E51AB7E003FA80B /* XCRemoteSwiftPackageReference "firebase-ios-sdk" */;
			productName = FirebaseInstallations;
		};
		14E4D7B22E51AB7E003FA80B /* FirebaseMLModelDownloader */ = {
			isa = XCSwiftPackageProductDependency;
			package = 14E4D78F2E51AB7E003FA80B /* XCRemoteSwiftPackageReference "firebase-ios-sdk" */;
			productName = FirebaseMLModelDownloader;
		};
		14E4D7B42E51AB7E003FA80B /* FirebaseMessaging */ = {
			isa = XCSwiftPackageProductDependency;
			package = 14E4D78F2E51AB7E003FA80B /* XCRemoteSwiftPackageReference "firebase-ios-sdk" */;
			productName = FirebaseMessaging;
		};
		14E4D7B62E51AB7E003FA80B /* FirebasePerformance */ = {
			isa = XCSwiftPackageProductDependency;
			package = 14E4D78F2E51AB7E003FA80B /* XCRemoteSwiftPackageReference "firebase-ios-sdk" */;
			productName = FirebasePerformance;
		};
		14E4D7B82E51AB7E003FA80B /* FirebaseRemoteConfig */ = {
			isa = XCSwiftPackageProductDependency;
			package = 14E4D78F2E51AB7E003FA80B /* XCRemoteSwiftPackageReference "firebase-ios-sdk" */;
			productName = FirebaseRemoteConfig;
		};
		14E4D7BA2E51AB7E003FA80B /* FirebaseStorage */ = {
			isa = XCSwiftPackageProductDependency;
			package = 14E4D78F2E51AB7E003FA80B /* XCRemoteSwiftPackageReference "firebase-ios-sdk" */;
			productName = FirebaseStorage;
		};
		14E4D7BC2E51AB7E003FA80B /* FirebaseStorageCombine-Community */ = {
			isa = XCSwiftPackageProductDependency;
			package = 14E4D78F2E51AB7E003FA80B /* XCRemoteSwiftPackageReference "firebase-ios-sdk" */;
			productName = "FirebaseStorageCombine-Community";
		};
/* End XCSwiftPackageProductDependency section */
	};
	rootObject = 14E4D75B2E51AA37003FA80B /* Project object */;
}
